
Microsoft Visual Studio Solution File, Format Version 12.00
# Visual Studio Version 17
VisualStudioVersion = 17.7.34024.191
MinimumVisualStudioVersion = 10.0.40219.1
Project("{FAE04EC0-301F-11D3-BF4B-00C04F79EFBC}") = "Global Değişken Örnekleri -113", "Global Değişken Örnekleri -113\Global Değişken Örnekleri -113.csproj", "{EBE33ABE-3773-401E-9711-4957D084A449}"
EndProject
Global
	GlobalSection(SolutionConfigurationPlatforms) = preSolution
		Debug|Any CPU = Debug|Any CPU
		Release|Any CPU = Release|Any CPU
	EndGlobalSection
	GlobalSection(ProjectConfigurationPlatforms) = postSolution
		{EBE33ABE-3773-401E-9711-4957D084A449}.Debug|Any CPU.ActiveCfg = Debug|Any CPU
		{EBE33ABE-3773-401E-9711-4957D084A449}.Debug|Any CPU.Build.0 = Debug|Any CPU
		{EBE33ABE-3773-401E-9711-4957D084A449}.Release|Any CPU.ActiveCfg = Release|Any CPU
		{EBE33ABE-3773-401E-9711-4957D084A449}.Release|Any CPU.Build.0 = Release|Any CPU
	EndGlobalSection
	GlobalSection(SolutionProperties) = preSolution
		HideSolutionNode = FALSE
	EndGlobalSection
	GlobalSection(ExtensibilityGlobals) = postSolution
		SolutionGuid = {456C0CC3-5A57-4B7F-8229-CCC080BB1E8D}
	EndGlobalSection
EndGlobal
